
Microsoft Visual Studio Solution File, Format Version 12.00
# Visual Studio Version 16
VisualStudioVersion = 16.0.30804.86
MinimumVisualStudioVersion = 10.0.40219.1
Project("{FAE04EC0-301F-11D3-BF4B-00C04F79EFBC}") = "DrinkAndGo", "DrinkAndGo.csproj", "{DF236439-8A87-4176-A24A-62D68FD65288}"
EndProject
Global
	GlobalSection(SolutionConfigurationPlatforms) = preSolution
		Debug|Any CPU = Debug|Any CPU
		Release|Any CPU = Release|Any CPU
	EndGlobalSection
	GlobalSection(ProjectConfigurationPlatforms) = postSolution
		{DF236439-8A87-4176-A24A-62D68FD65288}.Debug|Any CPU.ActiveCfg = Debug|Any CPU
		{DF236439-8A87-4176-A24A-62D68FD65288}.Debug|Any CPU.Build.0 = Debug|Any CPU
		{DF236439-8A87-4176-A24A-62D68FD65288}.Release|Any CPU.ActiveCfg = Release|Any CPU
		{DF236439-8A87-4176-A24A-62D68FD65288}.Release|Any CPU.Build.0 = Release|Any CPU
	EndGlobalSection
	GlobalSection(SolutionProperties) = preSolution
		HideSolutionNode = FALSE
	EndGlobalSection
	GlobalSection(ExtensibilityGlobals) = postSolution
		SolutionGuid = {978837C6-CCC8-467F-BB35-6A422FEF5643}
	EndGlobalSection
EndGlobal
